
Microsoft Visual Studio Solution File, Format Version 12.00
# Visual Studio Version 16
VisualStudioVersion = 16.0.33801.447
MinimumVisualStudioVersion = 10.0.40219.1
Project("{FAE04EC0-301F-11D3-BF4B-00C04F79EFBC}") = "Tyuiu.SpirinIS.Sprint0.Task0.V0", "Tyuiu.SpirinIS.Sprint0.Task0.V0\Tyuiu.SpirinIS.Sprint0.Task0.V0.csproj", "{E4FE9089-0803-45CF-A360-6B68103C5FF3}"
EndProject
Project("{2150E333-8FDC-42A3-9474-1A3956D46DE8}") = "Task0", "Task0", "{BEE1511E-B259-443E-9C3A-0B6DDDE23BE5}"
EndProject
Project("{2150E333-8FDC-42A3-9474-1A3956D46DE8}") = "Task1", "Task1", "{DD43C73B-F9C7-49DA-B0DA-302C0DCEE597}"
EndProject
Project("{FAE04EC0-301F-11D3-BF4B-00C04F79EFBC}") = "Tyuiu.SpirinIS.Sprint0.Task1.V0", "Tyuiu.SpirinIS.Sprint0.Task1.V0\Tyuiu.SpirinIS.Sprint0.Task1.V0.csproj", "{05315C98-B538-4F1A-AD03-BB647632FB8D}"
EndProject
Project("{2150E333-8FDC-42A3-9474-1A3956D46DE8}") = "Task2", "Task2", "{7B2A0A6E-5645-4EB7-80C4-689F25B9BF61}"
EndProject
Project("{2150E333-8FDC-42A3-9474-1A3956D46DE8}") = "Task4", "Task4", "{BAD0B343-2BD2-4D10-9EA5-FD787E44FD60}"
EndProject
Project("{2150E333-8FDC-42A3-9474-1A3956D46DE8}") = "Task5", "Task5", "{CFBE3889-4E3E-4C3D-967B-F8A06AAECC51}"
EndProject
Project("{2150E333-8FDC-42A3-9474-1A3956D46DE8}") = "Task6", "Task6", "{EFC26DBA-E33C-48CF-BD0C-475D6D6AC251}"
EndProject
Project("{2150E333-8FDC-42A3-9474-1A3956D46DE8}") = "Task7", "Task7", "{3D3065BA-840D-49FB-ACC1-44D2939BB2A1}"
EndProject
Project("{2150E333-8FDC-42A3-9474-1A3956D46DE8}") = "Task3", "Task3", "{C9636476-7C55-4325-BBE2-9759C32FEE22}"
EndProject
Project("{FAE04EC0-301F-11D3-BF4B-00C04F79EFBC}") = "Tyuiu.SpirinIS.Sprint0.Task2.V0", "Tyuiu.SpirinIS.Sprint0.Task2.V0\Tyuiu.SpirinIS.Sprint0.Task2.V0.csproj", "{7C91DB61-A931-4DD8-BB0D-EDAD771FCB60}"
EndProject
Project("{FAE04EC0-301F-11D3-BF4B-00C04F79EFBC}") = "Tyuiu.SpirinIS.Sprint0.Task2.V0.Lib", "Tyuiu.SpirinIS.Sprint0.Task2.V0.Lib\Tyuiu.SpirinIS.Sprint0.Task2.V0.Lib.csproj", "{76657E9C-B07A-4D30-A161-418A45241E62}"
EndProject
Project("{FAE04EC0-301F-11D3-BF4B-00C04F79EFBC}") = "Tyuiu.SpirinIS.Sprint0.Task2.V0.Test", "Tyuiu.SpirinIS.Sprint0.Task2.V0.Test\Tyuiu.SpirinIS.Sprint0.Task2.V0.Test.csproj", "{E93049E5-9D8C-4BBB-BDA0-310BF509C596}"
EndProject
Project("{FAE04EC0-301F-11D3-BF4B-00C04F79EFBC}") = "Tyuiu.SpirinIS.Sprint0.Task3.V0", "Tyuiu.SpirinIS.Sprint0.Task3.V0\Tyuiu.SpirinIS.Sprint0.Task3.V0.csproj", "{C6DD4453-AE69-4B0D-A1D0-1C4C82D8CDB2}"
EndProject
Project("{FAE04EC0-301F-11D3-BF4B-00C04F79EFBC}") = "Tyuiu.SpirinIS.Sprint0.Task3.V0.Lib", "Tyuiu.SpirinIS.Sprint0.Task3.V0.Lib\Tyuiu.SpirinIS.Sprint0.Task3.V0.Lib.csproj", "{233E262D-4B67-4800-BEE2-74CFE99BE259}"
EndProject
Project("{FAE04EC0-301F-11D3-BF4B-00C04F79EFBC}") = "Tyuiu.SpirinIS.Sprint0.Task3.V0.Test", "Tyuiu.SpirinIS.Sprint0.Task3.V0.Test\Tyuiu.SpirinIS.Sprint0.Task3.V0.Test.csproj", "{B5808E70-3F58-4E7C-8602-4885582EB17E}"
EndProject
Project("{FAE04EC0-301F-11D3-BF4B-00C04F79EFBC}") = "Tyuiu.SpirinIS.Sprint0.Task4.V0", "Tyuiu.SpirinIS.Sprint0.Task4.V0\Tyuiu.SpirinIS.Sprint0.Task4.V0.csproj", "{0AF35AB5-7B1B-4FB4-899A-942B9E9EFFFA}"
EndProject
Project("{FAE04EC0-301F-11D3-BF4B-00C04F79EFBC}") = "Tyuiu.SpirinIS.Sprint0.Task4.V0.Lib", "Tyuiu.SpirinIS.Sprint0.Task4.V0.Lib\Tyuiu.SpirinIS.Sprint0.Task4.V0.Lib.csproj", "{4D75ACDF-0DCE-425F-918E-4B81072554B5}"
EndProject
Project("{FAE04EC0-301F-11D3-BF4B-00C04F79EFBC}") = "Tyuiu.SpirinIS.Sprint0.Task4.V0.Test", "Tyuiu.SpirinIS.Sprint0.Task4.V0.Test\Tyuiu.SpirinIS.Sprint0.Task4.V0.Test.csproj", "{C3C0FE9A-9FE8-4174-B944-AE5C5C364C89}"
EndProject
Project("{FAE04EC0-301F-11D3-BF4B-00C04F79EFBC}") = "Tyuiu.SpirinIS.Sprint0.Task5.V0", "Tyuiu.SpirinIS.Sprint0.Task5.V0\Tyuiu.SpirinIS.Sprint0.Task5.V0.csproj", "{5E69185B-F10B-4BB8-ABCC-A0E170056662}"
EndProject
Project("{FAE04EC0-301F-11D3-BF4B-00C04F79EFBC}") = "Tyuiu.SpirinIS.Sprint0.Task5.V0.Lib", "Tyuiu.SpirinIS.Sprint0.Task5.V0.Lib\Tyuiu.SpirinIS.Sprint0.Task5.V0.Lib.csproj", "{15E44362-81E1-4D95-8B36-631135D28DA6}"
EndProject
Project("{FAE04EC0-301F-11D3-BF4B-00C04F79EFBC}") = "Tyuiu.SpirinIS.Sprint0.Task5.V0.Test", "Tyuiu.SpirinIS.Sprint0.Task5.V0.Test\Tyuiu.SpirinIS.Sprint0.Task5.V0.Test.csproj", "{F48D862D-78E7-4D11-8623-67C8DCE858BA}"
EndProject
Project("{FAE04EC0-301F-11D3-BF4B-00C04F79EFBC}") = "Tyuiu.SpirinIS.Sprint0.Task6.V0", "Tyuiu.SpirinIS.Sprint0.Task6.V0\Tyuiu.SpirinIS.Sprint0.Task6.V0.csproj", "{E1CAFEEC-3F24-4134-A449-36C69F3ACD98}"
EndProject
Project("{FAE04EC0-301F-11D3-BF4B-00C04F79EFBC}") = "Tyuiu.SpirinIS.Sprint0.Task6.V0.Lib", "Tyuiu.SpirinIS.Sprint0.Task6.V0.Lib\Tyuiu.SpirinIS.Sprint0.Task6.V0.Lib.csproj", "{080A8225-9BFA-47F1-AFFB-B162F23DFEBC}"
EndProject
Project("{FAE04EC0-301F-11D3-BF4B-00C04F79EFBC}") = "Tyuiu.SpirinIS.Sprint0.Task6.V0.Test", "Tyuiu.SpirinIS.Sprint0.Task6.V0.Test\Tyuiu.SpirinIS.Sprint0.Task6.V0.Test.csproj", "{70368F2B-1BDA-4A24-89EB-B4AD46069255}"
EndProject
Project("{FAE04EC0-301F-11D3-BF4B-00C04F79EFBC}") = "Tyuiu.SpirinIS.Sprint0.Task7.V0", "Tyuiu.SpirinIS.Sprint0.Task7.V0\Tyuiu.SpirinIS.Sprint0.Task7.V0.csproj", "{19F07213-D11D-46BB-9788-9E08F88F5394}"
EndProject
Project("{FAE04EC0-301F-11D3-BF4B-00C04F79EFBC}") = "Tyuiu.SpirinIS.Sprint0.Task7.V0.Lib", "Tyuiu.SpirinIS.Sprint0.Task7.V0.Lib\Tyuiu.SpirinIS.Sprint0.Task7.V0.Lib.csproj", "{C8F80FD1-85C9-4D2A-9981-7503FBAD77D6}"
EndProject
Project("{FAE04EC0-301F-11D3-BF4B-00C04F79EFBC}") = "Tyuiu.SpirinIS.Sprint0.Task7.V0.Test", "Tyuiu.SpirinIS.Sprint0.Task7.V0.Test\Tyuiu.SpirinIS.Sprint0.Task7.V0.Test.csproj", "{730C9C72-0634-4E3C-A85C-C6CB5195F7A2}"
EndProject
Global
	GlobalSection(SolutionConfigurationPlatforms) = preSolution
		Debug|Any CPU = Debug|Any CPU
		Release|Any CPU = Release|Any CPU
	EndGlobalSection
	GlobalSection(ProjectConfigurationPlatforms) = postSolution
		{E4FE9089-0803-45CF-A360-6B68103C5FF3}.Debug|Any CPU.ActiveCfg = Debug|Any CPU
		{E4FE9089-0803-45CF-A360-6B68103C5FF3}.Debug|Any CPU.Build.0 = Debug|Any CPU
		{E4FE9089-0803-45CF-A360-6B68103C5FF3}.Release|Any CPU.ActiveCfg = Release|Any CPU
		{E4FE9089-0803-45CF-A360-6B68103C5FF3}.Release|Any CPU.Build.0 = Release|Any CPU
		{05315C98-B538-4F1A-AD03-BB647632FB8D}.Debug|Any CPU.ActiveCfg = Debug|Any CPU
		{05315C98-B538-4F1A-AD03-BB647632FB8D}.Debug|Any CPU.Build.0 = Debug|Any CPU
		{05315C98-B538-4F1A-AD03-BB647632FB8D}.Release|Any CPU.ActiveCfg = Release|Any CPU
		{05315C98-B538-4F1A-AD03-BB647632FB8D}.Release|Any CPU.Build.0 = Release|Any CPU
		{7C91DB61-A931-4DD8-BB0D-EDAD771FCB60}.Debug|Any CPU.ActiveCfg = Debug|Any CPU
		{7C91DB61-A931-4DD8-BB0D-EDAD771FCB60}.Debug|Any CPU.Build.0 = Debug|Any CPU
		{7C91DB61-A931-4DD8-BB0D-EDAD771FCB60}.Release|Any CPU.ActiveCfg = Release|Any CPU
		{7C91DB61-A931-4DD8-BB0D-EDAD771FCB60}.Release|Any CPU.Build.0 = Release|Any CPU
		{76657E9C-B07A-4D30-A161-418A45241E62}.Debug|Any CPU.ActiveCfg = Debug|Any CPU
		{76657E9C-B07A-4D30-A161-418A45241E62}.Debug|Any CPU.Build.0 = Debug|Any CPU
		{76657E9C-B07A-4D30-A161-418A45241E62}.Release|Any CPU.ActiveCfg = Release|Any CPU
		{76657E9C-B07A-4D30-A161-418A45241E62}.Release|Any CPU.Build.0 = Release|Any CPU
		{E93049E5-9D8C-4BBB-BDA0-310BF509C596}.Debug|Any CPU.ActiveCfg = Debug|Any CPU
		{E93049E5-9D8C-4BBB-BDA0-310BF509C596}.Debug|Any CPU.Build.0 = Debug|Any CPU
		{E93049E5-9D8C-4BBB-BDA0-310BF509C596}.Release|Any CPU.ActiveCfg = Release|Any CPU
		{E93049E5-9D8C-4BBB-BDA0-310BF509C596}.Release|Any CPU.Build.0 = Release|Any CPU
		{C6DD4453-AE69-4B0D-A1D0-1C4C82D8CDB2}.Debug|Any CPU.ActiveCfg = Debug|Any CPU
		{C6DD4453-AE69-4B0D-A1D0-1C4C82D8CDB2}.Debug|Any CPU.Build.0 = Debug|Any CPU
		{C6DD4453-AE69-4B0D-A1D0-1C4C82D8CDB2}.Release|Any CPU.ActiveCfg = Release|Any CPU
		{C6DD4453-AE69-4B0D-A1D0-1C4C82D8CDB2}.Release|Any CPU.Build.0 = Release|Any CPU
		{233E262D-4B67-4800-BEE2-74CFE99BE259}.Debug|Any CPU.ActiveCfg = Debug|Any CPU
		{233E262D-4B67-4800-BEE2-74CFE99BE259}.Debug|Any CPU.Build.0 = Debug|Any CPU
		{233E262D-4B67-4800-BEE2-74CFE99BE259}.Release|Any CPU.ActiveCfg = Release|Any CPU
		{233E262D-4B67-4800-BEE2-74CFE99BE259}.Release|Any CPU.Build.0 = Release|Any CPU
		{B5808E70-3F58-4E7C-8602-4885582EB17E}.Debug|Any CPU.ActiveCfg = Debug|Any CPU
		{B5808E70-3F58-4E7C-8602-4885582EB17E}.Debug|Any CPU.Build.0 = Debug|Any CPU
		{B5808E70-3F58-4E7C-8602-4885582EB17E}.Release|Any CPU.ActiveCfg = Release|Any CPU
		{B5808E70-3F58-4E7C-8602-4885582EB17E}.Release|Any CPU.Build.0 = Release|Any CPU
		{0AF35AB5-7B1B-4FB4-899A-942B9E9EFFFA}.Debug|Any CPU.ActiveCfg = Debug|Any CPU
		{0AF35AB5-7B1B-4FB4-899A-942B9E9EFFFA}.Debug|Any CPU.Build.0 = Debug|Any CPU
		{0AF35AB5-7B1B-4FB4-899A-942B9E9EFFFA}.Release|Any CPU.ActiveCfg = Release|Any CPU
		{0AF35AB5-7B1B-4FB4-899A-942B9E9EFFFA}.Release|Any CPU.Build.0 = Release|Any CPU
		{4D75ACDF-0DCE-425F-918E-4B81072554B5}.Debug|Any CPU.ActiveCfg = Debug|Any CPU
		{4D75ACDF-0DCE-425F-918E-4B81072554B5}.Debug|Any CPU.Build.0 = Debug|Any CPU
		{4D75ACDF-0DCE-425F-918E-4B81072554B5}.Release|Any CPU.ActiveCfg = Release|Any CPU
		{4D75ACDF-0DCE-425F-918E-4B81072554B5}.Release|Any CPU.Build.0 = Release|Any CPU
		{C3C0FE9A-9FE8-4174-B944-AE5C5C364C89}.Debug|Any CPU.ActiveCfg = Debug|Any CPU
		{C3C0FE9A-9FE8-4174-B944-AE5C5C364C89}.Debug|Any CPU.Build.0 = Debug|Any CPU
		{C3C0FE9A-9FE8-4174-B944-AE5C5C364C89}.Release|Any CPU.ActiveCfg = Release|Any CPU
		{C3C0FE9A-9FE8-4174-B944-AE5C5C364C89}.Release|Any CPU.Build.0 = Release|Any CPU
		{5E69185B-F10B-4BB8-ABCC-A0E170056662}.Debug|Any CPU.ActiveCfg = Debug|Any CPU
		{5E69185B-F10B-4BB8-ABCC-A0E170056662}.Debug|Any CPU.Build.0 = Debug|Any CPU
		{5E69185B-F10B-4BB8-ABCC-A0E170056662}.Release|Any CPU.ActiveCfg = Release|Any CPU
		{5E69185B-F10B-4BB8-ABCC-A0E170056662}.Release|Any CPU.Build.0 = Release|Any CPU
		{15E44362-81E1-4D95-8B36-631135D28DA6}.Debug|Any CPU.ActiveCfg = Debug|Any CPU
		{15E44362-81E1-4D95-8B36-631135D28DA6}.Debug|Any CPU.Build.0 = Debug|Any CPU
		{15E44362-81E1-4D95-8B36-631135D28DA6}.Release|Any CPU.ActiveCfg = Release|Any CPU
		{15E44362-81E1-4D95-8B36-631135D28DA6}.Release|Any CPU.Build.0 = Release|Any CPU
		{F48D862D-78E7-4D11-8623-67C8DCE858BA}.Debug|Any CPU.ActiveCfg = Debug|Any CPU
		{F48D862D-78E7-4D11-8623-67C8DCE858BA}.Debug|Any CPU.Build.0 = Debug|Any CPU
		{F48D862D-78E7-4D11-8623-67C8DCE858BA}.Release|Any CPU.ActiveCfg = Release|Any CPU
		{F48D862D-78E7-4D11-8623-67C8DCE858BA}.Release|Any CPU.Build.0 = Release|Any CPU
		{E1CAFEEC-3F24-4134-A449-36C69F3ACD98}.Debug|Any CPU.ActiveCfg = Debug|Any CPU
		{E1CAFEEC-3F24-4134-A449-36C69F3ACD98}.Debug|Any CPU.Build.0 = Debug|Any CPU
		{E1CAFEEC-3F24-4134-A449-36C69F3ACD98}.Release|Any CPU.ActiveCfg = Release|Any CPU
		{E1CAFEEC-3F24-4134-A449-36C69F3ACD98}.Release|Any CPU.Build.0 = Release|Any CPU
		{080A8225-9BFA-47F1-AFFB-B162F23DFEBC}.Debug|Any CPU.ActiveCfg = Debug|Any CPU
		{080A8225-9BFA-47F1-AFFB-B162F23DFEBC}.Debug|Any CPU.Build.0 = Debug|Any CPU
		{080A8225-9BFA-47F1-AFFB-B162F23DFEBC}.Release|Any CPU.ActiveCfg = Release|Any CPU
		{080A8225-9BFA-47F1-AFFB-B162F23DFEBC}.Release|Any CPU.Build.0 = Release|Any CPU
		{70368F2B-1BDA-4A24-89EB-B4AD46069255}.Debug|Any CPU.ActiveCfg = Debug|Any CPU
		{70368F2B-1BDA-4A24-89EB-B4AD46069255}.Debug|Any CPU.Build.0 = Debug|Any CPU
		{70368F2B-1BDA-4A24-89EB-B4AD46069255}.Release|Any CPU.ActiveCfg = Release|Any CPU
		{70368F2B-1BDA-4A24-89EB-B4AD46069255}.Release|Any CPU.Build.0 = Release|Any CPU
		{19F07213-D11D-46BB-9788-9E08F88F5394}.Debug|Any CPU.ActiveCfg = Debug|Any CPU
		{19F07213-D11D-46BB-9788-9E08F88F5394}.Debug|Any CPU.Build.0 = Debug|Any CPU
		{19F07213-D11D-46BB-9788-9E08F88F5394}.Release|Any CPU.ActiveCfg = Release|Any CPU
		{19F07213-D11D-46BB-9788-9E08F88F5394}.Release|Any CPU.Build.0 = Release|Any CPU
		{C8F80FD1-85C9-4D2A-9981-7503FBAD77D6}.Debug|Any CPU.ActiveCfg = Debug|Any CPU
		{C8F80FD1-85C9-4D2A-9981-7503FBAD77D6}.Debug|Any CPU.Build.0 = Debug|Any CPU
		{C8F80FD1-85C9-4D2A-9981-7503FBAD77D6}.Release|Any CPU.ActiveCfg = Release|Any CPU
		{C8F80FD1-85C9-4D2A-9981-7503FBAD77D6}.Release|Any CPU.Build.0 = Release|Any CPU
		{730C9C72-0634-4E3C-A85C-C6CB5195F7A2}.Debug|Any CPU.ActiveCfg = Debug|Any CPU
		{730C9C72-0634-4E3C-A85C-C6CB5195F7A2}.Debug|Any CPU.Build.0 = Debug|Any CPU
		{730C9C72-0634-4E3C-A85C-C6CB5195F7A2}.Release|Any CPU.ActiveCfg = Release|Any CPU
		{730C9C72-0634-4E3C-A85C-C6CB5195F7A2}.Release|Any CPU.Build.0 = Release|Any CPU
	EndGlobalSection
	GlobalSection(SolutionProperties) = preSolution
		HideSolutionNode = FALSE
	EndGlobalSection
	GlobalSection(NestedProjects) = preSolution
		{E4FE9089-0803-45CF-A360-6B68103C5FF3} = {BEE1511E-B259-443E-9C3A-0B6DDDE23BE5}
		{05315C98-B538-4F1A-AD03-BB647632FB8D} = {DD43C73B-F9C7-49DA-B0DA-302C0DCEE597}
		{7C91DB61-A931-4DD8-BB0D-EDAD771FCB60} = {7B2A0A6E-5645-4EB7-80C4-689F25B9BF61}
		{76657E9C-B07A-4D30-A161-418A45241E62} = {7B2A0A6E-5645-4EB7-80C4-689F25B9BF61}
		{E93049E5-9D8C-4BBB-BDA0-310BF509C596} = {7B2A0A6E-5645-4EB7-80C4-689F25B9BF61}
		{C6DD4453-AE69-4B0D-A1D0-1C4C82D8CDB2} = {C9636476-7C55-4325-BBE2-9759C32FEE22}
		{233E262D-4B67-4800-BEE2-74CFE99BE259} = {C9636476-7C55-4325-BBE2-9759C32FEE22}
		{B5808E70-3F58-4E7C-8602-4885582EB17E} = {C9636476-7C55-4325-BBE2-9759C32FEE22}
		{0AF35AB5-7B1B-4FB4-899A-942B9E9EFFFA} = {BAD0B343-2BD2-4D10-9EA5-FD787E44FD60}
		{4D75ACDF-0DCE-425F-918E-4B81072554B5} = {BAD0B343-2BD2-4D10-9EA5-FD787E44FD60}
		{C3C0FE9A-9FE8-4174-B944-AE5C5C364C89} = {BAD0B343-2BD2-4D10-9EA5-FD787E44FD60}
		{5E69185B-F10B-4BB8-ABCC-A0E170056662} = {CFBE3889-4E3E-4C3D-967B-F8A06AAECC51}
		{15E44362-81E1-4D95-8B36-631135D28DA6} = {CFBE3889-4E3E-4C3D-967B-F8A06AAECC51}
		{F48D862D-78E7-4D11-8623-67C8DCE858BA} = {CFBE3889-4E3E-4C3D-967B-F8A06AAECC51}
		{E1CAFEEC-3F24-4134-A449-36C69F3ACD98} = {EFC26DBA-E33C-48CF-BD0C-475D6D6AC251}
		{080A8225-9BFA-47F1-AFFB-B162F23DFEBC} = {EFC26DBA-E33C-48CF-BD0C-475D6D6AC251}
		{70368F2B-1BDA-4A24-89EB-B4AD46069255} = {EFC26DBA-E33C-48CF-BD0C-475D6D6AC251}
		{19F07213-D11D-46BB-9788-9E08F88F5394} = {3D3065BA-840D-49FB-ACC1-44D2939BB2A1}
		{C8F80FD1-85C9-4D2A-9981-7503FBAD77D6} = {3D3065BA-840D-49FB-ACC1-44D2939BB2A1}
		{730C9C72-0634-4E3C-A85C-C6CB5195F7A2} = {3D3065BA-840D-49FB-ACC1-44D2939BB2A1}
	EndGlobalSection
	GlobalSection(ExtensibilityGlobals) = postSolution
		SolutionGuid = {6055008B-237B-4D89-8470-843B517D2EF7}
	EndGlobalSection
EndGlobal
